
Microsoft Visual Studio Solution File, Format Version 12.00
# Visual Studio Version 17
VisualStudioVersion = 17.9.34728.123
MinimumVisualStudioVersion = 10.0.40219.1
Project("{FAE04EC0-301F-11D3-BF4B-00C04F79EFBC}") = "VowelCount", "VowelCount\VowelCount.csproj", "{76C00511-1E5E-4A7F-B685-D458A4ACE82C}"
EndProject
Global
	GlobalSection(SolutionConfigurationPlatforms) = preSolution
		Debug|Any CPU = Debug|Any CPU
		Release|Any CPU = Release|Any CPU
	EndGlobalSection
	GlobalSection(ProjectConfigurationPlatforms) = postSolution
		{76C00511-1E5E-4A7F-B685-D458A4ACE82C}.Debug|Any CPU.ActiveCfg = Debug|Any CPU
		{76C00511-1E5E-4A7F-B685-D458A4ACE82C}.Debug|Any CPU.Build.0 = Debug|Any CPU
		{76C00511-1E5E-4A7F-B685-D458A4ACE82C}.Release|Any CPU.ActiveCfg = Release|Any CPU
		{76C00511-1E5E-4A7F-B685-D458A4ACE82C}.Release|Any CPU.Build.0 = Release|Any CPU
	EndGlobalSection
	GlobalSection(SolutionProperties) = preSolution
		HideSolutionNode = FALSE
	EndGlobalSection
	GlobalSection(ExtensibilityGlobals) = postSolution
		SolutionGuid = {0501AF1B-1FAA-43D8-BB6B-53F6FFDF8C78}
	EndGlobalSection
EndGlobal
